version = 1

[[packages]]
name = "5ive-amm"
version = "0.0.0"
address = "CZwqnf9Yia8tNnNr6259uNGaUDAgKkbaZuSFeBeonNij"
bytecode_hash = "a3a4e379ad45e76e3a104e0fee6ce41306724a6e998d76a438928287c791f82b"
deployed_at = "2026-03-05T00:12:59.847Z"

  [packages.exports]
  methods = [
  "init_pool",
  "add_liquidity",
  "swap",
  "remove_liquidity",
  "collect_protocol_fees",
  "update_fees",
  "set_authority",
  "set_paused",
  "bootstrap_liquidity",
  "get_reserves",
  "get_reserve_b",
  "get_lp_supply",
  "get_protocol_fees_a"
]
  interfaces = [ ]
