version = 1

[[packages]]
name = "5ive-amm"
version = "0.0.0"
address = "GTcjC9XETP1pz7zasUQ6vkVQaway5apnuAF3qnukXvqC"
bytecode_hash = "b1db2a996e1cc8895c7d6d60d18b8ffa327f528280502994fe4195ab2716181e"
deployed_at = "2026-03-19T01:33:39.795Z"

  [packages.exports]
  methods = [
  "init_pool",
  "bootstrap_liquidity",
  "add_liquidity",
  "swap",
  "remove_liquidity",
  "collect_protocol_fees",
  "update_fees",
  "set_authority",
  "set_paused",
  "get_reserves",
  "get_reserve_b",
  "get_lp_supply",
  "get_protocol_fees_a"
]
  interfaces = [ ]
