version = 1

[[packages]]
name = "5ive-amm"
version = "0.0.0"
address = "5DBjk83NJf26q2d1vbhEaXYKXo5GoRvikxfJh6fCkJxE"
bytecode_hash = "9a2f162f01616922c96720fa299e08dbb4f0162d200a6511a2d66f8018be23af"
deployed_at = "2026-03-20T02:02:25.865Z"

  [packages.exports]
  methods = [
  "init_pool",
  "bootstrap_liquidity",
  "add_liquidity",
  "swap",
  "remove_liquidity",
  "collect_protocol_fees",
  "update_fees",
  "set_authority",
  "set_paused",
  "get_reserves",
  "get_reserve_b",
  "get_lp_supply",
  "get_protocol_fees_a"
]
  interfaces = [ ]
