version = 1

[[packages]]
name = "five-token-template"
version = "0.0.0"
address = "Hh5TMopFNsEwumg8s1fwN7amspKvc5At7GdWmLpWfku9"
bytecode_hash = "87d5f45dbfd19a9c486f8396764bd7d95eb7ef120163d511f2cd534192dd7ad4"
deployed_at = "2026-03-16T08:42:45.545Z"

  [packages.exports]
  methods = [
  "init_mint",
  "init_token_account",
  "mint_to",
  "transfer",
  "transfer_from",
  "approve",
  "revoke",
  "burn",
  "freeze_account",
  "thaw_account",
  "disable_mint"
]
  interfaces = [ ]
