version = 1

[[packages]]
name = "five-token-template"
version = "0.0.0"
address = "6WxFfDXmY5odFhtd6YN6FD9LHeJzoLAvUCSbJpk6REcL"
bytecode_hash = "b58bfed4abb0afc58269e3d3ba2ee8f9f2a6b151143b192d2b4d546198f0b6a8"
deployed_at = "2026-03-16T02:23:32.689Z"

  [packages.exports]
  methods = [
  "init_mint",
  "init_token_account",
  "mint_to",
  "transfer",
  "transfer_from",
  "approve",
  "revoke",
  "burn",
  "freeze_account",
  "thaw_account",
  "disable_mint"
]
  interfaces = [ ]
