version = 1

[[packages]]
name = "five-lending-oracle-helper"
version = "0.0.0"
address = "5d9kq6BNw1fbZyqvdrQWeQXTzgHZTfawSnSPLbEgANhC"
bytecode_hash = "e4d7cbfa4a40e8f917eb931de2420659618ffd041b640d2b18eb0d2e9e9b7e73"
deployed_at = "2026-03-16T03:15:18.312Z"

  [packages.exports]
  methods = [ "init_oracle", "set_oracle" ]
  interfaces = [ ]
