version = 1

[[packages]]
name = "e2e-interface-lib"
version = "0.0.0"
address = "11111118F5rixNBnFLmioWZSYzjjFuAL5dyoDVzhD"
bytecode_hash = "deadbeef"
deployed_at = "2026-01-01T00:00:00Z"

[packages.exports]
methods = ["transfer_checked"]

[[packages.exports.interfaces]]
name = "TokenOps"
method_map = { "transfer" = "transfer_checked" }
